
Microsoft Visual Studio Solution File, Format Version 12.00
# Visual Studio 15
VisualStudioVersion = 15.0.28307.705
MinimumVisualStudioVersion = 10.0.40219.1
Project("{FAE04EC0-301F-11D3-BF4B-00C04F79EFBC}") = "Detective Pikaptcha EP2", "Detective Pikaptcha EP2\Detective Pikaptcha EP2.csproj", "{B073DAE6-137C-4EC1-BCA4-09A0BCD66131}"
EndProject
Global
	GlobalSection(SolutionConfigurationPlatforms) = preSolution
		Debug|Any CPU = Debug|Any CPU
		Release|Any CPU = Release|Any CPU
	EndGlobalSection
	GlobalSection(ProjectConfigurationPlatforms) = postSolution
		{B073DAE6-137C-4EC1-BCA4-09A0BCD66131}.Debug|Any CPU.ActiveCfg = Debug|Any CPU
		{B073DAE6-137C-4EC1-BCA4-09A0BCD66131}.Debug|Any CPU.Build.0 = Debug|Any CPU
		{B073DAE6-137C-4EC1-BCA4-09A0BCD66131}.Release|Any CPU.ActiveCfg = Release|Any CPU
		{B073DAE6-137C-4EC1-BCA4-09A0BCD66131}.Release|Any CPU.Build.0 = Release|Any CPU
	EndGlobalSection
	GlobalSection(SolutionProperties) = preSolution
		HideSolutionNode = FALSE
	EndGlobalSection
	GlobalSection(ExtensibilityGlobals) = postSolution
		SolutionGuid = {8BB0951A-1C5E-4C2D-B011-4EEEFF737603}
	EndGlobalSection
EndGlobal
