
Microsoft Visual Studio Solution File, Format Version 12.00
# Visual Studio 15
VisualStudioVersion = 15.0.28307.168
MinimumVisualStudioVersion = 10.0.40219.1
Project("{FAE04EC0-301F-11D3-BF4B-00C04F79EFBC}") = "Solution", "Solution\Solution.csproj", "{279CBC5E-06AD-474D-968F-40B6437B5CE5}"
EndProject
Global
	GlobalSection(SolutionConfigurationPlatforms) = preSolution
		Debug|Any CPU = Debug|Any CPU
		Release|Any CPU = Release|Any CPU
	EndGlobalSection
	GlobalSection(ProjectConfigurationPlatforms) = postSolution
		{279CBC5E-06AD-474D-968F-40B6437B5CE5}.Debug|Any CPU.ActiveCfg = Debug|Any CPU
		{279CBC5E-06AD-474D-968F-40B6437B5CE5}.Debug|Any CPU.Build.0 = Debug|Any CPU
		{279CBC5E-06AD-474D-968F-40B6437B5CE5}.Release|Any CPU.ActiveCfg = Release|Any CPU
		{279CBC5E-06AD-474D-968F-40B6437B5CE5}.Release|Any CPU.Build.0 = Release|Any CPU
	EndGlobalSection
	GlobalSection(SolutionProperties) = preSolution
		HideSolutionNode = FALSE
	EndGlobalSection
	GlobalSection(ExtensibilityGlobals) = postSolution
		SolutionGuid = {7F84B0B0-CCFD-491B-B26C-CE59F0590707}
	EndGlobalSection
EndGlobal
